// !$*UTF8*$!
{
	archiveVersion = 1;
	classes = {
	};
	objectVersion = 56;
	objects = {

/* Begin PBXBuildFile section */
		968D4A5B2D63425F00182978 /* SceneDelegate.swift in Sources */ = {isa = PBXBuildFile; fileRef = 968D4A5A2D63425F00182978 /* SceneDelegate.swift */; };
		968D4A622D63426200182978 /* Assets.xcassets in Resources */ = {isa = PBXBuildFile; fileRef = 968D4A612D63426200182978 /* Assets.xcassets */; };
		968D4A652D63426200182978 /* LaunchScreen.storyboard in Resources */ = {isa = PBXBuildFile; fileRef = 968D4A632D63426200182978 /* LaunchScreen.storyboard */; };
		968D4AA42D6359B500182978 /* AppDelegate.swift in Sources */ = {isa = PBXBuildFile; fileRef = 968D4AA32D6359B500182978 /* AppDelegate.swift */; };
		968D4AA62D635D9A00182978 /* Main.storyboard in Resources */ = {isa = PBXBuildFile; fileRef = 968D4AA52D635D9A00182978 /* Main.storyboard */; };
		968D4AA82D635DA400182978 /* ViewController.swift in Sources */ = {isa = PBXBuildFile; fileRef = 968D4AA72D635DA400182978 /* ViewController.swift */; };
/* End PBXBuildFile section */

/* Begin PBXContainerItemProxy section */
		968D4AAE2D635E9A00182978 /* PBXContainerItemProxy */ = {
			isa = PBXContainerItemProxy;
			containerPortal = 968D4AA92D635E9A00182978 /* SizeAdviserKit.xcodeproj */;
			proxyType = 2;
			remoteGlobalIDString = 968D4A762D63429000182978;
			remoteInfo = SizeAdviserKit;
		};
		968D4AB02D635E9A00182978 /* PBXContainerItemProxy */ = {
			isa = PBXContainerItemProxy;
			containerPortal = 968D4AA92D635E9A00182978 /* SizeAdviserKit.xcodeproj */;
			proxyType = 2;
			remoteGlobalIDString = 968D4A802D63429100182978;
			remoteInfo = SizeAdviserKitTests;
		};
		968D4AB22D635EBE00182978 /* PBXContainerItemProxy */ = {
			isa = PBXContainerItemProxy;
			containerPortal = 968D4AA92D635E9A00182978 /* SizeAdviserKit.xcodeproj */;
			proxyType = 1;
			remoteGlobalIDString = 968D4A752D63429000182978;
			remoteInfo = SizeAdviserKit;
		};
/* End PBXContainerItemProxy section */

/* Begin PBXFileReference section */
		968D4A552D63425F00182978 /* SizeAdviserSample.app */ = {isa = PBXFileReference; explicitFileType = wrapper.application; includeInIndex = 0; path = SizeAdviserSample.app; sourceTree = BUILT_PRODUCTS_DIR; };
		968D4A5A2D63425F00182978 /* SceneDelegate.swift */ = {isa = PBXFileReference; lastKnownFileType = sourcecode.swift; path = SceneDelegate.swift; sourceTree = "<group>"; };
		968D4A612D63426200182978 /* Assets.xcassets */ = {isa = PBXFileReference; lastKnownFileType = folder.assetcatalog; path = Assets.xcassets; sourceTree = "<group>"; };
		968D4A642D63426200182978 /* Base */ = {isa = PBXFileReference; lastKnownFileType = file.storyboard; name = Base; path = Base.lproj/LaunchScreen.storyboard; sourceTree = "<group>"; };
		968D4A662D63426200182978 /* Info.plist */ = {isa = PBXFileReference; lastKnownFileType = text.plist.xml; path = Info.plist; sourceTree = "<group>"; };
		968D4AA32D6359B500182978 /* AppDelegate.swift */ = {isa = PBXFileReference; fileEncoding = 4; lastKnownFileType = sourcecode.swift; path = AppDelegate.swift; sourceTree = "<group>"; };
		968D4AA52D635D9A00182978 /* Main.storyboard */ = {isa = PBXFileReference; fileEncoding = 4; lastKnownFileType = file.storyboard; path = Main.storyboard; sourceTree = "<group>"; };
		968D4AA72D635DA400182978 /* ViewController.swift */ = {isa = PBXFileReference; fileEncoding = 4; lastKnownFileType = sourcecode.swift; path = ViewController.swift; sourceTree = "<group>"; };
		968D4AA92D635E9A00182978 /* SizeAdviserKit.xcodeproj */ = {isa = PBXFileReference; lastKnownFileType = "wrapper.pb-project"; name = SizeAdviserKit.xcodeproj; path = ../SizeAdviserKit/SizeAdviserKit.xcodeproj; sourceTree = "<group>"; };
/* End PBXFileReference section */

/* Begin PBXFrameworksBuildPhase section */
		968D4A522D63425F00182978 /* Frameworks */ = {
			isa = PBXFrameworksBuildPhase;
			buildActionMask = 2147483647;
			files = (
			);
			runOnlyForDeploymentPostprocessing = 0;
		};
/* End PBXFrameworksBuildPhase section */

/* Begin PBXGroup section */
		968D4A4C2D63425F00182978 = {
			isa = PBXGroup;
			children = (
				968D4AA92D635E9A00182978 /* SizeAdviserKit.xcodeproj */,
				968D4A572D63425F00182978 /* SizeAdviserSample */,
				968D4A562D63425F00182978 /* Products */,
			);
			sourceTree = "<group>";
		};
		968D4A562D63425F00182978 /* Products */ = {
			isa = PBXGroup;
			children = (
				968D4A552D63425F00182978 /* SizeAdviserSample.app */,
			);
			name = Products;
			sourceTree = "<group>";
		};
		968D4A572D63425F00182978 /* SizeAdviserSample */ = {
			isa = PBXGroup;
			children = (
				968D4AA32D6359B500182978 /* AppDelegate.swift */,
				968D4AA52D635D9A00182978 /* Main.storyboard */,
				968D4A5A2D63425F00182978 /* SceneDelegate.swift */,
				968D4A612D63426200182978 /* Assets.xcassets */,
				968D4A632D63426200182978 /* LaunchScreen.storyboard */,
				968D4A662D63426200182978 /* Info.plist */,
				968D4AA72D635DA400182978 /* ViewController.swift */,
			);
			path = SizeAdviserSample;
			sourceTree = "<group>";
		};
		968D4AAA2D635E9A00182978 /* Products */ = {
			isa = PBXGroup;
			children = (
				968D4AAF2D635E9A00182978 /* SizeAdviserKit.framework */,
				968D4AB12D635E9A00182978 /* SizeAdviserKitTests.xctest */,
			);
			name = Products;
			sourceTree = "<group>";
		};
/* End PBXGroup section */

/* Begin PBXNativeTarget section */
		968D4A542D63425F00182978 /* SizeAdviserSample */ = {
			isa = PBXNativeTarget;
			buildConfigurationList = 968D4A692D63426200182978 /* Build configuration list for PBXNativeTarget "SizeAdviserSample" */;
			buildPhases = (
				968D4A512D63425F00182978 /* Sources */,
				968D4A522D63425F00182978 /* Frameworks */,
				968D4A532D63425F00182978 /* Resources */,
			);
			buildRules = (
			);
			dependencies = (
				968D4AB32D635EBE00182978 /* PBXTargetDependency */,
			);
			name = SizeAdviserSample;
			productName = SizeAdviserSample;
			productReference = 968D4A552D63425F00182978 /* SizeAdviserSample.app */;
			productType = "com.apple.product-type.application";
		};
/* End PBXNativeTarget section */

/* Begin PBXProject section */
		968D4A4D2D63425F00182978 /* Project object */ = {
			isa = PBXProject;
			attributes = {
				BuildIndependentTargetsInParallel = 1;
				LastSwiftUpdateCheck = 1420;
				LastUpgradeCheck = 1420;
				TargetAttributes = {
					968D4A542D63425F00182978 = {
						CreatedOnToolsVersion = 14.2;
					};
				};
			};
			buildConfigurationList = 968D4A502D63425F00182978 /* Build configuration list for PBXProject "SizeAdviserSample" */;
			compatibilityVersion = "Xcode 14.0";
			developmentRegion = en;
			hasScannedForEncodings = 0;
			knownRegions = (
				en,
				Base,
			);
			mainGroup = 968D4A4C2D63425F00182978;
			productRefGroup = 968D4A562D63425F00182978 /* Products */;
			projectDirPath = "";
			projectReferences = (
				{
					ProductGroup = 968D4AAA2D635E9A00182978 /* Products */;
					ProjectRef = 968D4AA92D635E9A00182978 /* SizeAdviserKit.xcodeproj */;
				},
			);
			projectRoot = "";
			targets = (
				968D4A542D63425F00182978 /* SizeAdviserSample */,
			);
		};
/* End PBXProject section */

/* Begin PBXReferenceProxy section */
		968D4AAF2D635E9A00182978 /* SizeAdviserKit.framework */ = {
			isa = PBXReferenceProxy;
			fileType = wrapper.framework;
			path = SizeAdviserKit.framework;
			remoteRef = 968D4AAE2D635E9A00182978 /* PBXContainerItemProxy */;
			sourceTree = BUILT_PRODUCTS_DIR;
		};
		968D4AB12D635E9A00182978 /* SizeAdviserKitTests.xctest */ = {
			isa = PBXReferenceProxy;
			fileType = wrapper.cfbundle;
			path = SizeAdviserKitTests.xctest;
			remoteRef = 968D4AB02D635E9A00182978 /* PBXContainerItemProxy */;
			sourceTree = BUILT_PRODUCTS_DIR;
		};
/* End PBXReferenceProxy section */

/* Begin PBXResourcesBuildPhase section */
		968D4A532D63425F00182978 /* Resources */ = {
			isa = PBXResourcesBuildPhase;
			buildActionMask = 2147483647;
			files = (
				968D4AA62D635D9A00182978 /* Main.storyboard in Resources */,
				968D4A652D63426200182978 /* LaunchScreen.storyboard in Resources */,
				968D4A622D63426200182978 /* Assets.xcassets in Resources */,
			);
			runOnlyForDeploymentPostprocessing = 0;
		};
/* End PBXResourcesBuildPhase section */

/* Begin PBXSourcesBuildPhase section */
		968D4A512D63425F00182978 /* Sources */ = {
			isa = PBXSourcesBuildPhase;
			buildActionMask = 2147483647;
			files = (
				968D4AA82D635DA400182978 /* ViewController.swift in Sources */,
				968D4AA42D6359B500182978 /* AppDelegate.swift in Sources */,
				968D4A5B2D63425F00182978 /* SceneDelegate.swift in Sources */,
			);
			runOnlyForDeploymentPostprocessing = 0;
		};
/* End PBXSourcesBuildPhase section */

/* Begin PBXTargetDependency section */
		968D4AB32D635EBE00182978 /* PBXTargetDependency */ = {
			isa = PBXTargetDependency;
			name = SizeAdviserKit;
			targetProxy = 968D4AB22D635EBE00182978 /* PBXContainerItemProxy */;
		};
/* End PBXTargetDependency section */

/* Begin PBXVariantGroup section */
		968D4A632D63426200182978 /* LaunchScreen.storyboard */ = {
			isa = PBXVariantGroup;
			children = (
				968D4A642D63426200182978 /* Base */,
			);
			name = LaunchScreen.storyboard;
			sourceTree = "<group>";
		};
/* End PBXVariantGroup section */

/* Begin XCBuildConfiguration section */
		968D4A672D63426200182978 /* Debug */ = {
			isa = XCBuildConfiguration;
			buildSettings = {
				ALWAYS_SEARCH_USER_PATHS = NO;
				CLANG_ANALYZER_NONNULL = YES;
				CLANG_ANALYZER_NUMBER_OBJECT_CONVERSION = YES_AGGRESSIVE;
				CLANG_CXX_LANGUAGE_STANDARD = "gnu++20";
				CLANG_ENABLE_MODULES = YES;
				CLANG_ENABLE_OBJC_ARC = YES;
				CLANG_ENABLE_OBJC_WEAK = YES;
				CLANG_WARN_BLOCK_CAPTURE_AUTORELEASING = YES;
				CLANG_WARN_BOOL_CONVERSION = YES;
				CLANG_WARN_COMMA = YES;
				CLANG_WARN_CONSTANT_CONVERSION = YES;
				CLANG_WARN_DEPRECATED_OBJC_IMPLEMENTATIONS = YES;
				CLANG_WARN_DIRECT_OBJC_ISA_USAGE = YES_ERROR;
				CLANG_WARN_DOCUMENTATION_COMMENTS = YES;
				CLANG_WARN_EMPTY_BODY = YES;
				CLANG_WARN_ENUM_CONVERSION = YES;
				CLANG_WARN_INFINITE_RECURSION = YES;
				CLANG_WARN_INT_CONVERSION = YES;
				CLANG_WARN_NON_LITERAL_NULL_CONVERSION = YES;
				CLANG_WARN_OBJC_IMPLICIT_RETAIN_SELF = YES;
				CLANG_WARN_OBJC_LITERAL_CONVERSION = YES;
				CLANG_WARN_OBJC_ROOT_CLASS = YES_ERROR;
				CLANG_WARN_QUOTED_INCLUDE_IN_FRAMEWORK_HEADER = YES;
				CLANG_WARN_RANGE_LOOP_ANALYSIS = YES;
				CLANG_WARN_STRICT_PROTOTYPES = YES;
				CLANG_WARN_SUSPICIOUS_MOVE = YES;
				CLANG_WARN_UNGUARDED_AVAILABILITY = YES_AGGRESSIVE;
				CLANG_WARN_UNREACHABLE_CODE = YES;
				CLANG_WARN__DUPLICATE_METHOD_MATCH = YES;
				COPY_PHASE_STRIP = NO;
				DEBUG_INFORMATION_FORMAT = dwarf;
				ENABLE_STRICT_OBJC_MSGSEND = YES;
				ENABLE_TESTABILITY = YES;
				GCC_C_LANGUAGE_STANDARD = gnu11;
				GCC_DYNAMIC_NO_PIC = NO;
				GCC_NO_COMMON_BLOCKS = YES;
				GCC_OPTIMIZATION_LEVEL = 0;
				GCC_PREPROCESSOR_DEFINITIONS = (
					"DEBUG=1",
					"$(inherited)",
				);
				GCC_WARN_64_TO_32_BIT_CONVERSION = YES;
				GCC_WARN_ABOUT_RETURN_TYPE = YES_ERROR;
				GCC_WARN_UNDECLARED_SELECTOR = YES;
				GCC_WARN_UNINITIALIZED_AUTOS = YES_AGGRESSIVE;
				GCC_WARN_UNUSED_FUNCTION = YES;
				GCC_WARN_UNUSED_VARIABLE = YES;
				IPHONEOS_DEPLOYMENT_TARGET = 16.2;
				MTL_ENABLE_DEBUG_INFO = INCLUDE_SOURCE;
				MTL_FAST_MATH = YES;
				ONLY_ACTIVE_ARCH = YES;
				SDKROOT = iphoneos;
				SWIFT_ACTIVE_COMPILATION_CONDITIONS = DEBUG;
				SWIFT_OPTIMIZATION_LEVEL = "-Onone";
			};
			name = Debug;
		};
		968D4A682D63426200182978 /* Release */ = {
			isa = XCBuildConfiguration;
			buildSettings = {
				ALWAYS_SEARCH_USER_PATHS = NO;
				CLANG_ANALYZER_NONNULL = YES;
				CLANG_ANALYZER_NUMBER_OBJECT_CONVERSION = YES_AGGRESSIVE;
				CLANG_CXX_LANGUAGE_STANDARD = "gnu++20";
				CLANG_ENABLE_MODULES = YES;
				CLANG_ENABLE_OBJC_ARC = YES;
				CLANG_ENABLE_OBJC_WEAK = YES;
				CLANG_WARN_BLOCK_CAPTURE_AUTORELEASING = YES;
				CLANG_WARN_BOOL_CONVERSION = YES;
				CLANG_WARN_COMMA = YES;
				CLANG_WARN_CONSTANT_CONVERSION = YES;
				CLANG_WARN_DEPRECATED_OBJC_IMPLEMENTATIONS = YES;
				CLANG_WARN_DIRECT_OBJC_ISA_USAGE = YES_ERROR;
				CLANG_WARN_DOCUMENTATION_COMMENTS = YES;
				CLANG_WARN_EMPTY_BODY = YES;
				CLANG_WARN_ENUM_CONVERSION = YES;
				CLANG_WARN_INFINITE_RECURSION = YES;
				CLANG_WARN_INT_CONVERSION = YES;
				CLANG_WARN_NON_LITERAL_NULL_CONVERSION = YES;
				CLANG_WARN_OBJC_IMPLICIT_RETAIN_SELF = YES;
				CLANG_WARN_OBJC_LITERAL_CONVERSION = YES;
				CLANG_WARN_OBJC_ROOT_CLASS = YES_ERROR;
				CLANG_WARN_QUOTED_INCLUDE_IN_FRAMEWORK_HEADER = YES;
				CLANG_WARN_RANGE_LOOP_ANALYSIS = YES;
				CLANG_WARN_STRICT_PROTOTYPES = YES;
				CLANG_WARN_SUSPICIOUS_MOVE = YES;
				CLANG_WARN_UNGUARDED_AVAILABILITY = YES_AGGRESSIVE;
				CLANG_WARN_UNREACHABLE_CODE = YES;
				CLANG_WARN__DUPLICATE_METHOD_MATCH = YES;
				COPY_PHASE_STRIP = NO;
				DEBUG_INFORMATION_FORMAT = "dwarf-with-dsym";
				ENABLE_NS_ASSERTIONS = NO;
				ENABLE_STRICT_OBJC_MSGSEND = YES;
				GCC_C_LANGUAGE_STANDARD = gnu11;
				GCC_NO_COMMON_BLOCKS = YES;
				GCC_WARN_64_TO_32_BIT_CONVERSION = YES;
				GCC_WARN_ABOUT_RETURN_TYPE = YES_ERROR;
				GCC_WARN_UNDECLARED_SELECTOR = YES;
				GCC_WARN_UNINITIALIZED_AUTOS = YES_AGGRESSIVE;
				GCC_WARN_UNUSED_FUNCTION = YES;
				GCC_WARN_UNUSED_VARIABLE = YES;
				IPHONEOS_DEPLOYMENT_TARGET = 16.2;
				MTL_ENABLE_DEBUG_INFO = NO;
				MTL_FAST_MATH = YES;
				SDKROOT = iphoneos;
				SWIFT_COMPILATION_MODE = wholemodule;
				SWIFT_OPTIMIZATION_LEVEL = "-O";
				VALIDATE_PRODUCT = YES;
			};
			name = Release;
		};
		968D4A6A2D63426200182978 /* Debug */ = {
			isa = XCBuildConfiguration;
			buildSettings = {
				ASSETCATALOG_COMPILER_APPICON_NAME = AppIcon;
				ASSETCATALOG_COMPILER_GLOBAL_ACCENT_COLOR_NAME = AccentColor;
				CODE_SIGN_STYLE = Automatic;
				CURRENT_PROJECT_VERSION = 1;
				GENERATE_INFOPLIST_FILE = YES;
				INFOPLIST_FILE = SizeAdviserSample/Info.plist;
				INFOPLIST_KEY_UIApplicationSupportsIndirectInputEvents = YES;
				INFOPLIST_KEY_UILaunchStoryboardName = LaunchScreen;
				INFOPLIST_KEY_UIMainStoryboardFile = Main;
				INFOPLIST_KEY_UISupportedInterfaceOrientations = UIInterfaceOrientationPortrait;
				INFOPLIST_KEY_UISupportedInterfaceOrientations_iPad = "UIInterfaceOrientationPortrait UIInterfaceOrientationPortraitUpsideDown";
				LD_RUNPATH_SEARCH_PATHS = (
					"$(inherited)",
					"@executable_path/Frameworks",
				);
				MARKETING_VERSION = 1.0;
				PRODUCT_BUNDLE_IDENTIFIER = com.ilitvinenko.SizeAdviserSample;
				PRODUCT_NAME = "$(TARGET_NAME)";
				SUPPORTED_PLATFORMS = "iphoneos iphonesimulator";
				SUPPORTS_MACCATALYST = NO;
				SUPPORTS_MAC_DESIGNED_FOR_IPHONE_IPAD = NO;
				SWIFT_EMIT_LOC_STRINGS = YES;
				SWIFT_VERSION = 5.0;
				TARGETED_DEVICE_FAMILY = "1,2";
			};
			name = Debug;
		};
		968D4A6B2D63426200182978 /* Release */ = {
			isa = XCBuildConfiguration;
			buildSettings = {
				ASSETCATALOG_COMPILER_APPICON_NAME = AppIcon;
				ASSETCATALOG_COMPILER_GLOBAL_ACCENT_COLOR_NAME = AccentColor;
				CODE_SIGN_STYLE = Automatic;
				CURRENT_PROJECT_VERSION = 1;
				GENERATE_INFOPLIST_FILE = YES;
				INFOPLIST_FILE = SizeAdviserSample/Info.plist;
				INFOPLIST_KEY_UIApplicationSupportsIndirectInputEvents = YES;
				INFOPLIST_KEY_UILaunchStoryboardName = LaunchScreen;
				INFOPLIST_KEY_UIMainStoryboardFile = Main;
				INFOPLIST_KEY_UISupportedInterfaceOrientations = UIInterfaceOrientationPortrait;
				INFOPLIST_KEY_UISupportedInterfaceOrientations_iPad = "UIInterfaceOrientationPortrait UIInterfaceOrientationPortraitUpsideDown";
				LD_RUNPATH_SEARCH_PATHS = (
					"$(inherited)",
					"@executable_path/Frameworks",
				);
				MARKETING_VERSION = 1.0;
				PRODUCT_BUNDLE_IDENTIFIER = com.ilitvinenko.SizeAdviserSample;
				PRODUCT_NAME = "$(TARGET_NAME)";
				SUPPORTED_PLATFORMS = "iphoneos iphonesimulator";
				SUPPORTS_MACCATALYST = NO;
				SUPPORTS_MAC_DESIGNED_FOR_IPHONE_IPAD = NO;
				SWIFT_EMIT_LOC_STRINGS = YES;
				SWIFT_VERSION = 5.0;
				TARGETED_DEVICE_FAMILY = "1,2";
			};
			name = Release;
		};
/* End XCBuildConfiguration section */

/* Begin XCConfigurationList section */
		968D4A502D63425F00182978 /* Build configuration list for PBXProject "SizeAdviserSample" */ = {
			isa = XCConfigurationList;
			buildConfigurations = (
				968D4A672D63426200182978 /* Debug */,
				968D4A682D63426200182978 /* Release */,
			);
			defaultConfigurationIsVisible = 0;
			defaultConfigurationName = Release;
		};
		968D4A692D63426200182978 /* Build configuration list for PBXNativeTarget "SizeAdviserSample" */ = {
			isa = XCConfigurationList;
			buildConfigurations = (
				968D4A6A2D63426200182978 /* Debug */,
				968D4A6B2D63426200182978 /* Release */,
			);
			defaultConfigurationIsVisible = 0;
			defaultConfigurationName = Release;
		};
/* End XCConfigurationList section */
	};
	rootObject = 968D4A4D2D63425F00182978 /* Project object */;
}
